
Microsoft Visual Studio Solution File, Format Version 12.00
# Visual Studio 15
VisualStudioVersion = 15.0.27004.2002
MinimumVisualStudioVersion = 10.0.40219.1
Project("{FAE04EC0-301F-11D3-BF4B-00C04F79EFBC}") = "Kata", "Kata\Kata.csproj", "{88FDD720-6545-4DC3-B069-215C1DBFB9CC}"
EndProject
Project("{FAE04EC0-301F-11D3-BF4B-00C04F79EFBC}") = "KataTests", "KataTests\KataTests.csproj", "{99C7C1D6-E5AD-476F-90B7-22741786241B}"
EndProject
Global
	GlobalSection(SolutionConfigurationPlatforms) = preSolution
		Debug|Any CPU = Debug|Any CPU
		Release|Any CPU = Release|Any CPU
	EndGlobalSection
	GlobalSection(ProjectConfigurationPlatforms) = postSolution
		{88FDD720-6545-4DC3-B069-215C1DBFB9CC}.Debug|Any CPU.ActiveCfg = Debug|Any CPU
		{88FDD720-6545-4DC3-B069-215C1DBFB9CC}.Debug|Any CPU.Build.0 = Debug|Any CPU
		{88FDD720-6545-4DC3-B069-215C1DBFB9CC}.Release|Any CPU.ActiveCfg = Release|Any CPU
		{88FDD720-6545-4DC3-B069-215C1DBFB9CC}.Release|Any CPU.Build.0 = Release|Any CPU
		{99C7C1D6-E5AD-476F-90B7-22741786241B}.Debug|Any CPU.ActiveCfg = Debug|Any CPU
		{99C7C1D6-E5AD-476F-90B7-22741786241B}.Debug|Any CPU.Build.0 = Debug|Any CPU
		{99C7C1D6-E5AD-476F-90B7-22741786241B}.Release|Any CPU.ActiveCfg = Release|Any CPU
		{99C7C1D6-E5AD-476F-90B7-22741786241B}.Release|Any CPU.Build.0 = Release|Any CPU
	EndGlobalSection
	GlobalSection(SolutionProperties) = preSolution
		HideSolutionNode = FALSE
	EndGlobalSection
	GlobalSection(ExtensibilityGlobals) = postSolution
		SolutionGuid = {4922B1CF-6A37-4555-8466-4225A9E23D03}
	EndGlobalSection
EndGlobal
